// !$*UTF8*$!
{
	archiveVersion = 1;
	classes = {
	};
	objectVersion = 46;
	objects = {

/* Begin PBXBuildFile section */
		8036D7FE18DFB30000D90FF5 /* Foundation.framework in Frameworks */ = {isa = PBXBuildFile; fileRef = 8036D7FD18DFB30000D90FF5 /* Foundation.framework */; };
		8036D80018DFB30000D90FF5 /* CoreGraphics.framework in Frameworks */ = {isa = PBXBuildFile; fileRef = 8036D7FF18DFB30000D90FF5 /* CoreGraphics.framework */; };
		8036D80218DFB30000D90FF5 /* UIKit.framework in Frameworks */ = {isa = PBXBuildFile; fileRef = 8036D80118DFB30000D90FF5 /* UIKit.framework */; };
		8036D80818DFB30000D90FF5 /* InfoPlist.strings in Resources */ = {isa = PBXBuildFile; fileRef = 8036D80618DFB30000D90FF5 /* InfoPlist.strings */; };
		8036D80A18DFB30000D90FF5 /* main.m in Sources */ = {isa = PBXBuildFile; fileRef = 8036D80918DFB30000D90FF5 /* main.m */; };
		8036D80E18DFB30000D90FF5 /* RWTAppDelegate.m in Sources */ = {isa = PBXBuildFile; fileRef = 8036D80D18DFB30000D90FF5 /* RWTAppDelegate.m */; };
		8036D81018DFB30100D90FF5 /* Images.xcassets in Resources */ = {isa = PBXBuildFile; fileRef = 8036D80F18DFB30100D90FF5 /* Images.xcassets */; };
		8036D81718DFB30100D90FF5 /* XCTest.framework in Frameworks */ = {isa = PBXBuildFile; fileRef = 8036D81618DFB30100D90FF5 /* XCTest.framework */; };
		8036D81818DFB30100D90FF5 /* Foundation.framework in Frameworks */ = {isa = PBXBuildFile; fileRef = 8036D7FD18DFB30000D90FF5 /* Foundation.framework */; };
		8036D81918DFB30100D90FF5 /* UIKit.framework in Frameworks */ = {isa = PBXBuildFile; fileRef = 8036D80118DFB30000D90FF5 /* UIKit.framework */; };
		8036D82118DFB30100D90FF5 /* InfoPlist.strings in Resources */ = {isa = PBXBuildFile; fileRef = 8036D81F18DFB30100D90FF5 /* InfoPlist.strings */; };
		8036D82318DFB30100D90FF5 /* RWTPixelShaderTests.m in Sources */ = {isa = PBXBuildFile; fileRef = 8036D82218DFB30100D90FF5 /* RWTPixelShaderTests.m */; };
		8036D82D18DFB35C00D90FF5 /* Main.storyboard in Resources */ = {isa = PBXBuildFile; fileRef = 8036D82C18DFB35C00D90FF5 /* Main.storyboard */; };
		8036D82F18DFB38E00D90FF5 /* OpenGLES.framework in Frameworks */ = {isa = PBXBuildFile; fileRef = 8036D82E18DFB38E00D90FF5 /* OpenGLES.framework */; };
		8036D83118DFB39300D90FF5 /* GLKit.framework in Frameworks */ = {isa = PBXBuildFile; fileRef = 8036D83018DFB39300D90FF5 /* GLKit.framework */; };
		8036D83418DFB51C00D90FF5 /* RWTViewController.m in Sources */ = {isa = PBXBuildFile; fileRef = 8036D83318DFB51C00D90FF5 /* RWTViewController.m */; };
		8036D83718DFB9A200D90FF5 /* RWTBaseShader.m in Sources */ = {isa = PBXBuildFile; fileRef = 8036D83618DFB9A200D90FF5 /* RWTBaseShader.m */; };
		8036D83918DFBE8C00D90FF5 /* RWTBase.vsh in Resources */ = {isa = PBXBuildFile; fileRef = 8036D83818DFBE7100D90FF5 /* RWTBase.vsh */; };
		8036D83B18DFBEB000D90FF5 /* RWTBase.fsh in Resources */ = {isa = PBXBuildFile; fileRef = 8036D83A18DFBEA800D90FF5 /* RWTBase.fsh */; };
/* End PBXBuildFile section */

/* Begin PBXContainerItemProxy section */
		8036D81A18DFB30100D90FF5 /* PBXContainerItemProxy */ = {
			isa = PBXContainerItemProxy;
			containerPortal = 8036D7F218DFB30000D90FF5 /* Project object */;
			proxyType = 1;
			remoteGlobalIDString = 8036D7F918DFB30000D90FF5;
			remoteInfo = RWTPixelShader;
		};
/* End PBXContainerItemProxy section */

/* Begin PBXFileReference section */
		8036D7FA18DFB30000D90FF5 /* RWTPixelShader.app */ = {isa = PBXFileReference; explicitFileType = wrapper.application; includeInIndex = 0; path = RWTPixelShader.app; sourceTree = BUILT_PRODUCTS_DIR; };
		8036D7FD18DFB30000D90FF5 /* Foundation.framework */ = {isa = PBXFileReference; lastKnownFileType = wrapper.framework; name = Foundation.framework; path = System/Library/Frameworks/Foundation.framework; sourceTree = SDKROOT; };
		8036D7FF18DFB30000D90FF5 /* CoreGraphics.framework */ = {isa = PBXFileReference; lastKnownFileType = wrapper.framework; name = CoreGraphics.framework; path = System/Library/Frameworks/CoreGraphics.framework; sourceTree = SDKROOT; };
		8036D80118DFB30000D90FF5 /* UIKit.framework */ = {isa = PBXFileReference; lastKnownFileType = wrapper.framework; name = UIKit.framework; path = System/Library/Frameworks/UIKit.framework; sourceTree = SDKROOT; };
		8036D80518DFB30000D90FF5 /* RWTPixelShader-Info.plist */ = {isa = PBXFileReference; lastKnownFileType = text.plist.xml; path = "RWTPixelShader-Info.plist"; sourceTree = "<group>"; };
		8036D80718DFB30000D90FF5 /* en */ = {isa = PBXFileReference; lastKnownFileType = text.plist.strings; name = en; path = en.lproj/InfoPlist.strings; sourceTree = "<group>"; };
		8036D80918DFB30000D90FF5 /* main.m */ = {isa = PBXFileReference; lastKnownFileType = sourcecode.c.objc; path = main.m; sourceTree = "<group>"; };
		8036D80B18DFB30000D90FF5 /* RWTPixelShader-Prefix.pch */ = {isa = PBXFileReference; lastKnownFileType = sourcecode.c.h; path = "RWTPixelShader-Prefix.pch"; sourceTree = "<group>"; };
		8036D80C18DFB30000D90FF5 /* RWTAppDelegate.h */ = {isa = PBXFileReference; lastKnownFileType = sourcecode.c.h; path = RWTAppDelegate.h; sourceTree = "<group>"; };
		8036D80D18DFB30000D90FF5 /* RWTAppDelegate.m */ = {isa = PBXFileReference; lastKnownFileType = sourcecode.c.objc; path = RWTAppDelegate.m; sourceTree = "<group>"; };
		8036D80F18DFB30100D90FF5 /* Images.xcassets */ = {isa = PBXFileReference; lastKnownFileType = folder.assetcatalog; path = Images.xcassets; sourceTree = "<group>"; };
		8036D81518DFB30100D90FF5 /* RWTPixelShaderTests.xctest */ = {isa = PBXFileReference; explicitFileType = wrapper.cfbundle; includeInIndex = 0; path = RWTPixelShaderTests.xctest; sourceTree = BUILT_PRODUCTS_DIR; };
		8036D81618DFB30100D90FF5 /* XCTest.framework */ = {isa = PBXFileReference; lastKnownFileType = wrapper.framework; name = XCTest.framework; path = Library/Frameworks/XCTest.framework; sourceTree = DEVELOPER_DIR; };
		8036D81E18DFB30100D90FF5 /* RWTPixelShaderTests-Info.plist */ = {isa = PBXFileReference; lastKnownFileType = text.plist.xml; path = "RWTPixelShaderTests-Info.plist"; sourceTree = "<group>"; };
		8036D82018DFB30100D90FF5 /* en */ = {isa = PBXFileReference; lastKnownFileType = text.plist.strings; name = en; path = en.lproj/InfoPlist.strings; sourceTree = "<group>"; };
		8036D82218DFB30100D90FF5 /* RWTPixelShaderTests.m */ = {isa = PBXFileReference; lastKnownFileType = sourcecode.c.objc; path = RWTPixelShaderTests.m; sourceTree = "<group>"; };
		8036D82C18DFB35C00D90FF5 /* Main.storyboard */ = {isa = PBXFileReference; fileEncoding = 4; lastKnownFileType = file.storyboard; path = Main.storyboard; sourceTree = "<group>"; };
		8036D82E18DFB38E00D90FF5 /* OpenGLES.framework */ = {isa = PBXFileReference; lastKnownFileType = wrapper.framework; name = OpenGLES.framework; path = System/Library/Frameworks/OpenGLES.framework; sourceTree = SDKROOT; };
		8036D83018DFB39300D90FF5 /* GLKit.framework */ = {isa = PBXFileReference; lastKnownFileType = wrapper.framework; name = GLKit.framework; path = System/Library/Frameworks/GLKit.framework; sourceTree = SDKROOT; };
		8036D83218DFB51C00D90FF5 /* RWTViewController.h */ = {isa = PBXFileReference; fileEncoding = 4; lastKnownFileType = sourcecode.c.h; path = RWTViewController.h; sourceTree = "<group>"; };
		8036D83318DFB51C00D90FF5 /* RWTViewController.m */ = {isa = PBXFileReference; fileEncoding = 4; lastKnownFileType = sourcecode.c.objc; path = RWTViewController.m; sourceTree = "<group>"; };
		8036D83518DFB9A200D90FF5 /* RWTBaseShader.h */ = {isa = PBXFileReference; fileEncoding = 4; lastKnownFileType = sourcecode.c.h; path = RWTBaseShader.h; sourceTree = "<group>"; };
		8036D83618DFB9A200D90FF5 /* RWTBaseShader.m */ = {isa = PBXFileReference; fileEncoding = 4; lastKnownFileType = sourcecode.c.objc; path = RWTBaseShader.m; sourceTree = "<group>"; };
		8036D83818DFBE7100D90FF5 /* RWTBase.vsh */ = {isa = PBXFileReference; lastKnownFileType = sourcecode.glsl; name = RWTBase.vsh; path = Shaders/RWTBase.vsh; sourceTree = "<group>"; };
		8036D83A18DFBEA800D90FF5 /* RWTBase.fsh */ = {isa = PBXFileReference; lastKnownFileType = sourcecode.glsl; name = RWTBase.fsh; path = Shaders/RWTBase.fsh; sourceTree = "<group>"; };
/* End PBXFileReference section */

/* Begin PBXFrameworksBuildPhase section */
		8036D7F718DFB30000D90FF5 /* Frameworks */ = {
			isa = PBXFrameworksBuildPhase;
			buildActionMask = 2147483647;
			files = (
				8036D83118DFB39300D90FF5 /* GLKit.framework in Frameworks */,
				8036D82F18DFB38E00D90FF5 /* OpenGLES.framework in Frameworks */,
				8036D80018DFB30000D90FF5 /* CoreGraphics.framework in Frameworks */,
				8036D80218DFB30000D90FF5 /* UIKit.framework in Frameworks */,
				8036D7FE18DFB30000D90FF5 /* Foundation.framework in Frameworks */,
			);
			runOnlyForDeploymentPostprocessing = 0;
		};
		8036D81218DFB30100D90FF5 /* Frameworks */ = {
			isa = PBXFrameworksBuildPhase;
			buildActionMask = 2147483647;
			files = (
				8036D81718DFB30100D90FF5 /* XCTest.framework in Frameworks */,
				8036D81918DFB30100D90FF5 /* UIKit.framework in Frameworks */,
				8036D81818DFB30100D90FF5 /* Foundation.framework in Frameworks */,
			);
			runOnlyForDeploymentPostprocessing = 0;
		};
/* End PBXFrameworksBuildPhase section */

/* Begin PBXGroup section */
		8036D7F118DFB30000D90FF5 = {
			isa = PBXGroup;
			children = (
				8036D80318DFB30000D90FF5 /* RWTPixelShader */,
				8036D81C18DFB30100D90FF5 /* RWTPixelShaderTests */,
				8036D7FC18DFB30000D90FF5 /* Frameworks */,
				8036D7FB18DFB30000D90FF5 /* Products */,
			);
			sourceTree = "<group>";
		};
		8036D7FB18DFB30000D90FF5 /* Products */ = {
			isa = PBXGroup;
			children = (
				8036D7FA18DFB30000D90FF5 /* RWTPixelShader.app */,
				8036D81518DFB30100D90FF5 /* RWTPixelShaderTests.xctest */,
			);
			name = Products;
			sourceTree = "<group>";
		};
		8036D7FC18DFB30000D90FF5 /* Frameworks */ = {
			isa = PBXGroup;
			children = (
				8036D83018DFB39300D90FF5 /* GLKit.framework */,
				8036D82E18DFB38E00D90FF5 /* OpenGLES.framework */,
				8036D7FD18DFB30000D90FF5 /* Foundation.framework */,
				8036D7FF18DFB30000D90FF5 /* CoreGraphics.framework */,
				8036D80118DFB30000D90FF5 /* UIKit.framework */,
				8036D81618DFB30100D90FF5 /* XCTest.framework */,
			);
			name = Frameworks;
			sourceTree = "<group>";
		};
		8036D80318DFB30000D90FF5 /* RWTPixelShader */ = {
			isa = PBXGroup;
			children = (
				8036D80C18DFB30000D90FF5 /* RWTAppDelegate.h */,
				8036D80D18DFB30000D90FF5 /* RWTAppDelegate.m */,
				8036D82C18DFB35C00D90FF5 /* Main.storyboard */,
				8036D80F18DFB30100D90FF5 /* Images.xcassets */,
				8036D83218DFB51C00D90FF5 /* RWTViewController.h */,
				8036D83318DFB51C00D90FF5 /* RWTViewController.m */,
				8036D83518DFB9A200D90FF5 /* RWTBaseShader.h */,
				8036D83618DFB9A200D90FF5 /* RWTBaseShader.m */,
				8036D83818DFBE7100D90FF5 /* RWTBase.vsh */,
				8036D83A18DFBEA800D90FF5 /* RWTBase.fsh */,
				8036D80418DFB30000D90FF5 /* Supporting Files */,
			);
			path = RWTPixelShader;
			sourceTree = "<group>";
		};
		8036D80418DFB30000D90FF5 /* Supporting Files */ = {
			isa = PBXGroup;
			children = (
				8036D80518DFB30000D90FF5 /* RWTPixelShader-Info.plist */,
				8036D80618DFB30000D90FF5 /* InfoPlist.strings */,
				8036D80918DFB30000D90FF5 /* main.m */,
				8036D80B18DFB30000D90FF5 /* RWTPixelShader-Prefix.pch */,
			);
			name = "Supporting Files";
			sourceTree = "<group>";
		};
		8036D81C18DFB30100D90FF5 /* RWTPixelShaderTests */ = {
			isa = PBXGroup;
			children = (
				8036D82218DFB30100D90FF5 /* RWTPixelShaderTests.m */,
				8036D81D18DFB30100D90FF5 /* Supporting Files */,
			);
			path = RWTPixelShaderTests;
			sourceTree = "<group>";
		};
		8036D81D18DFB30100D90FF5 /* Supporting Files */ = {
			isa = PBXGroup;
			children = (
				8036D81E18DFB30100D90FF5 /* RWTPixelShaderTests-Info.plist */,
				8036D81F18DFB30100D90FF5 /* InfoPlist.strings */,
			);
			name = "Supporting Files";
			sourceTree = "<group>";
		};
/* End PBXGroup section */

/* Begin PBXNativeTarget section */
		8036D7F918DFB30000D90FF5 /* RWTPixelShader */ = {
			isa = PBXNativeTarget;
			buildConfigurationList = 8036D82618DFB30100D90FF5 /* Build configuration list for PBXNativeTarget "RWTPixelShader" */;
			buildPhases = (
				8036D7F618DFB30000D90FF5 /* Sources */,
				8036D7F718DFB30000D90FF5 /* Frameworks */,
				8036D7F818DFB30000D90FF5 /* Resources */,
			);
			buildRules = (
			);
			dependencies = (
			);
			name = RWTPixelShader;
			productName = RWTPixelShader;
			productReference = 8036D7FA18DFB30000D90FF5 /* RWTPixelShader.app */;
			productType = "com.apple.product-type.application";
		};
		8036D81418DFB30100D90FF5 /* RWTPixelShaderTests */ = {
			isa = PBXNativeTarget;
			buildConfigurationList = 8036D82918DFB30100D90FF5 /* Build configuration list for PBXNativeTarget "RWTPixelShaderTests" */;
			buildPhases = (
				8036D81118DFB30100D90FF5 /* Sources */,
				8036D81218DFB30100D90FF5 /* Frameworks */,
				8036D81318DFB30100D90FF5 /* Resources */,
			);
			buildRules = (
			);
			dependencies = (
				8036D81B18DFB30100D90FF5 /* PBXTargetDependency */,
			);
			name = RWTPixelShaderTests;
			productName = RWTPixelShaderTests;
			productReference = 8036D81518DFB30100D90FF5 /* RWTPixelShaderTests.xctest */;
			productType = "com.apple.product-type.bundle.unit-test";
		};
/* End PBXNativeTarget section */

/* Begin PBXProject section */
		8036D7F218DFB30000D90FF5 /* Project object */ = {
			isa = PBXProject;
			attributes = {
				CLASSPREFIX = RWT;
				LastUpgradeCheck = 0510;
				ORGANIZATIONNAME = RayWenderlich;
				TargetAttributes = {
					8036D81418DFB30100D90FF5 = {
						TestTargetID = 8036D7F918DFB30000D90FF5;
					};
				};
			};
			buildConfigurationList = 8036D7F518DFB30000D90FF5 /* Build configuration list for PBXProject "RWTPixelShader" */;
			compatibilityVersion = "Xcode 3.2";
			developmentRegion = English;
			hasScannedForEncodings = 0;
			knownRegions = (
				en,
			);
			mainGroup = 8036D7F118DFB30000D90FF5;
			productRefGroup = 8036D7FB18DFB30000D90FF5 /* Products */;
			projectDirPath = "";
			projectRoot = "";
			targets = (
				8036D7F918DFB30000D90FF5 /* RWTPixelShader */,
				8036D81418DFB30100D90FF5 /* RWTPixelShaderTests */,
			);
		};
/* End PBXProject section */

/* Begin PBXResourcesBuildPhase section */
		8036D7F818DFB30000D90FF5 /* Resources */ = {
			isa = PBXResourcesBuildPhase;
			buildActionMask = 2147483647;
			files = (
				8036D83B18DFBEB000D90FF5 /* RWTBase.fsh in Resources */,
				8036D83918DFBE8C00D90FF5 /* RWTBase.vsh in Resources */,
				8036D82D18DFB35C00D90FF5 /* Main.storyboard in Resources */,
				8036D80818DFB30000D90FF5 /* InfoPlist.strings in Resources */,
				8036D81018DFB30100D90FF5 /* Images.xcassets in Resources */,
			);
			runOnlyForDeploymentPostprocessing = 0;
		};
		8036D81318DFB30100D90FF5 /* Resources */ = {
			isa = PBXResourcesBuildPhase;
			buildActionMask = 2147483647;
			files = (
				8036D82118DFB30100D90FF5 /* InfoPlist.strings in Resources */,
			);
			runOnlyForDeploymentPostprocessing = 0;
		};
/* End PBXResourcesBuildPhase section */

/* Begin PBXSourcesBuildPhase section */
		8036D7F618DFB30000D90FF5 /* Sources */ = {
			isa = PBXSourcesBuildPhase;
			buildActionMask = 2147483647;
			files = (
				8036D83418DFB51C00D90FF5 /* RWTViewController.m in Sources */,
				8036D83718DFB9A200D90FF5 /* RWTBaseShader.m in Sources */,
				8036D80E18DFB30000D90FF5 /* RWTAppDelegate.m in Sources */,
				8036D80A18DFB30000D90FF5 /* main.m in Sources */,
			);
			runOnlyForDeploymentPostprocessing = 0;
		};
		8036D81118DFB30100D90FF5 /* Sources */ = {
			isa = PBXSourcesBuildPhase;
			buildActionMask = 2147483647;
			files = (
				8036D82318DFB30100D90FF5 /* RWTPixelShaderTests.m in Sources */,
			);
			runOnlyForDeploymentPostprocessing = 0;
		};
/* End PBXSourcesBuildPhase section */

/* Begin PBXTargetDependency section */
		8036D81B18DFB30100D90FF5 /* PBXTargetDependency */ = {
			isa = PBXTargetDependency;
			target = 8036D7F918DFB30000D90FF5 /* RWTPixelShader */;
			targetProxy = 8036D81A18DFB30100D90FF5 /* PBXContainerItemProxy */;
		};
/* End PBXTargetDependency section */

/* Begin PBXVariantGroup section */
		8036D80618DFB30000D90FF5 /* InfoPlist.strings */ = {
			isa = PBXVariantGroup;
			children = (
				8036D80718DFB30000D90FF5 /* en */,
			);
			name = InfoPlist.strings;
			sourceTree = "<group>";
		};
		8036D81F18DFB30100D90FF5 /* InfoPlist.strings */ = {
			isa = PBXVariantGroup;
			children = (
				8036D82018DFB30100D90FF5 /* en */,
			);
			name = InfoPlist.strings;
			sourceTree = "<group>";
		};
/* End PBXVariantGroup section */

/* Begin XCBuildConfiguration section */
		8036D82418DFB30100D90FF5 /* Debug */ = {
			isa = XCBuildConfiguration;
			buildSettings = {
				ALWAYS_SEARCH_USER_PATHS = NO;
				CLANG_CXX_LANGUAGE_STANDARD = "gnu++0x";
				CLANG_CXX_LIBRARY = "libc++";
				CLANG_ENABLE_MODULES = YES;
				CLANG_ENABLE_OBJC_ARC = YES;
				CLANG_WARN_BOOL_CONVERSION = YES;
				CLANG_WARN_CONSTANT_CONVERSION = YES;
				CLANG_WARN_DIRECT_OBJC_ISA_USAGE = YES_ERROR;
				CLANG_WARN_EMPTY_BODY = YES;
				CLANG_WARN_ENUM_CONVERSION = YES;
				CLANG_WARN_INT_CONVERSION = YES;
				CLANG_WARN_OBJC_ROOT_CLASS = YES_ERROR;
				CLANG_WARN__DUPLICATE_METHOD_MATCH = YES;
				"CODE_SIGN_IDENTITY[sdk=iphoneos*]" = "iPhone Developer";
				COPY_PHASE_STRIP = NO;
				GCC_C_LANGUAGE_STANDARD = gnu99;
				GCC_DYNAMIC_NO_PIC = NO;
				GCC_OPTIMIZATION_LEVEL = 0;
				GCC_PREPROCESSOR_DEFINITIONS = (
					"DEBUG=1",
					"$(inherited)",
				);
				GCC_SYMBOLS_PRIVATE_EXTERN = NO;
				GCC_WARN_64_TO_32_BIT_CONVERSION = YES;
				GCC_WARN_ABOUT_RETURN_TYPE = YES_ERROR;
				GCC_WARN_UNDECLARED_SELECTOR = YES;
				GCC_WARN_UNINITIALIZED_AUTOS = YES_AGGRESSIVE;
				GCC_WARN_UNUSED_FUNCTION = YES;
				GCC_WARN_UNUSED_VARIABLE = YES;
				IPHONEOS_DEPLOYMENT_TARGET = 7.1;
				ONLY_ACTIVE_ARCH = YES;
				SDKROOT = iphoneos;
			};
			name = Debug;
		};
		8036D82518DFB30100D90FF5 /* Release */ = {
			isa = XCBuildConfiguration;
			buildSettings = {
				ALWAYS_SEARCH_USER_PATHS = NO;
				CLANG_CXX_LANGUAGE_STANDARD = "gnu++0x";
				CLANG_CXX_LIBRARY = "libc++";
				CLANG_ENABLE_MODULES = YES;
				CLANG_ENABLE_OBJC_ARC = YES;
				CLANG_WARN_BOOL_CONVERSION = YES;
				CLANG_WARN_CONSTANT_CONVERSION = YES;
				CLANG_WARN_DIRECT_OBJC_ISA_USAGE = YES_ERROR;
				CLANG_WARN_EMPTY_BODY = YES;
				CLANG_WARN_ENUM_CONVERSION = YES;
				CLANG_WARN_INT_CONVERSION = YES;
				CLANG_WARN_OBJC_ROOT_CLASS = YES_ERROR;
				CLANG_WARN__DUPLICATE_METHOD_MATCH = YES;
				"CODE_SIGN_IDENTITY[sdk=iphoneos*]" = "iPhone Developer";
				COPY_PHASE_STRIP = YES;
				ENABLE_NS_ASSERTIONS = NO;
				GCC_C_LANGUAGE_STANDARD = gnu99;
				GCC_WARN_64_TO_32_BIT_CONVERSION = YES;
				GCC_WARN_ABOUT_RETURN_TYPE = YES_ERROR;
				GCC_WARN_UNDECLARED_SELECTOR = YES;
				GCC_WARN_UNINITIALIZED_AUTOS = YES_AGGRESSIVE;
				GCC_WARN_UNUSED_FUNCTION = YES;
				GCC_WARN_UNUSED_VARIABLE = YES;
				IPHONEOS_DEPLOYMENT_TARGET = 7.1;
				SDKROOT = iphoneos;
				VALIDATE_PRODUCT = YES;
			};
			name = Release;
		};
		8036D82718DFB30100D90FF5 /* Debug */ = {
			isa = XCBuildConfiguration;
			buildSettings = {
				ASSETCATALOG_COMPILER_APPICON_NAME = AppIcon;
				ASSETCATALOG_COMPILER_LAUNCHIMAGE_NAME = LaunchImage;
				GCC_PRECOMPILE_PREFIX_HEADER = YES;
				GCC_PREFIX_HEADER = "RWTPixelShader/RWTPixelShader-Prefix.pch";
				INFOPLIST_FILE = "RWTPixelShader/RWTPixelShader-Info.plist";
				PRODUCT_NAME = "$(TARGET_NAME)";
				WRAPPER_EXTENSION = app;
			};
			name = Debug;
		};
		8036D82818DFB30100D90FF5 /* Release */ = {
			isa = XCBuildConfiguration;
			buildSettings = {
				ASSETCATALOG_COMPILER_APPICON_NAME = AppIcon;
				ASSETCATALOG_COMPILER_LAUNCHIMAGE_NAME = LaunchImage;
				GCC_PRECOMPILE_PREFIX_HEADER = YES;
				GCC_PREFIX_HEADER = "RWTPixelShader/RWTPixelShader-Prefix.pch";
				INFOPLIST_FILE = "RWTPixelShader/RWTPixelShader-Info.plist";
				PRODUCT_NAME = "$(TARGET_NAME)";
				WRAPPER_EXTENSION = app;
			};
			name = Release;
		};
		8036D82A18DFB30100D90FF5 /* Debug */ = {
			isa = XCBuildConfiguration;
			buildSettings = {
				BUNDLE_LOADER = "$(BUILT_PRODUCTS_DIR)/RWTPixelShader.app/RWTPixelShader";
				FRAMEWORK_SEARCH_PATHS = (
					"$(SDKROOT)/Developer/Library/Frameworks",
					"$(inherited)",
					"$(DEVELOPER_FRAMEWORKS_DIR)",
				);
				GCC_PRECOMPILE_PREFIX_HEADER = YES;
				GCC_PREFIX_HEADER = "RWTPixelShader/RWTPixelShader-Prefix.pch";
				GCC_PREPROCESSOR_DEFINITIONS = (
					"DEBUG=1",
					"$(inherited)",
				);
				INFOPLIST_FILE = "RWTPixelShaderTests/RWTPixelShaderTests-Info.plist";
				PRODUCT_NAME = "$(TARGET_NAME)";
				TEST_HOST = "$(BUNDLE_LOADER)";
				WRAPPER_EXTENSION = xctest;
			};
			name = Debug;
		};
		8036D82B18DFB30100D90FF5 /* Release */ = {
			isa = XCBuildConfiguration;
			buildSettings = {
				BUNDLE_LOADER = "$(BUILT_PRODUCTS_DIR)/RWTPixelShader.app/RWTPixelShader";
				FRAMEWORK_SEARCH_PATHS = (
					"$(SDKROOT)/Developer/Library/Frameworks",
					"$(inherited)",
					"$(DEVELOPER_FRAMEWORKS_DIR)",
				);
				GCC_PRECOMPILE_PREFIX_HEADER = YES;
				GCC_PREFIX_HEADER = "RWTPixelShader/RWTPixelShader-Prefix.pch";
				INFOPLIST_FILE = "RWTPixelShaderTests/RWTPixelShaderTests-Info.plist";
				PRODUCT_NAME = "$(TARGET_NAME)";
				TEST_HOST = "$(BUNDLE_LOADER)";
				WRAPPER_EXTENSION = xctest;
			};
			name = Release;
		};
/* End XCBuildConfiguration section */

/* Begin XCConfigurationList section */
		8036D7F518DFB30000D90FF5 /* Build configuration list for PBXProject "RWTPixelShader" */ = {
			isa = XCConfigurationList;
			buildConfigurations = (
				8036D82418DFB30100D90FF5 /* Debug */,
				8036D82518DFB30100D90FF5 /* Release */,
			);
			defaultConfigurationIsVisible = 0;
			defaultConfigurationName = Release;
		};
		8036D82618DFB30100D90FF5 /* Build configuration list for PBXNativeTarget "RWTPixelShader" */ = {
			isa = XCConfigurationList;
			buildConfigurations = (
				8036D82718DFB30100D90FF5 /* Debug */,
				8036D82818DFB30100D90FF5 /* Release */,
			);
			defaultConfigurationIsVisible = 0;
		};
		8036D82918DFB30100D90FF5 /* Build configuration list for PBXNativeTarget "RWTPixelShaderTests" */ = {
			isa = XCConfigurationList;
			buildConfigurations = (
				8036D82A18DFB30100D90FF5 /* Debug */,
				8036D82B18DFB30100D90FF5 /* Release */,
			);
			defaultConfigurationIsVisible = 0;
		};
/* End XCConfigurationList section */
	};
	rootObject = 8036D7F218DFB30000D90FF5 /* Project object */;
}
